
Microsoft Visual Studio Solution File, Format Version 12.00
# Visual Studio Version 17
VisualStudioVersion = 17.0.31903.59
MinimumVisualStudioVersion = 10.0.40219.1
Project("{FAE04EC0-301F-11D3-BF4B-00C04F79EFBC}") = "MyViewComponentSample", "MyViewComponentSample\MyViewComponentSample.csproj", "{C9EC7122-CB3F-4762-98F6-BF446C71E7CC}"
EndProject
Global
	GlobalSection(SolutionConfigurationPlatforms) = preSolution
		Debug|Any CPU = Debug|Any CPU
		Release|Any CPU = Release|Any CPU
	EndGlobalSection
	GlobalSection(ProjectConfigurationPlatforms) = postSolution
		{C9EC7122-CB3F-4762-98F6-BF446C71E7CC}.Debug|Any CPU.ActiveCfg = Debug|Any CPU
		{C9EC7122-CB3F-4762-98F6-BF446C71E7CC}.Debug|Any CPU.Build.0 = Debug|Any CPU
		{C9EC7122-CB3F-4762-98F6-BF446C71E7CC}.Release|Any CPU.ActiveCfg = Release|Any CPU
		{C9EC7122-CB3F-4762-98F6-BF446C71E7CC}.Release|Any CPU.Build.0 = Release|Any CPU
	EndGlobalSection
	GlobalSection(SolutionProperties) = preSolution
		HideSolutionNode = FALSE
	EndGlobalSection
	GlobalSection(ExtensibilityGlobals) = postSolution
		SolutionGuid = {32B5E330-3751-4AC0-8E9E-D55254038267}
	EndGlobalSection
EndGlobal
